lockfileVersion: 5.4

specifiers:
  '@cloudflare/workers-types': ^3.11.0
  '@remix-run/cloudflare': ^1.5.1
  react: ^18.1.0
  react-dom: ^18.1.0
  typescript: ^4.6.3

devDependencies:
  '@cloudflare/workers-types': 3.11.0
  '@remix-run/cloudflare': 1.5.1_kzaynvh5evp6fwwndqrpm75u64
  react: 18.1.0
  react-dom: 18.1.0_react@18.1.0
  typescript: 4.6.4

packages:

  /@babel/runtime/7.18.3:
    resolution: {integrity: sha512-38Y8f7YUhce/K7RMwTp7m0uCumpv9hZkitCbBClqQIow1qSbCvGkcegKOXpEWCQLfWmevgRiWokZ1GkpfhbZug==}
    engines: {node: '>=6.9.0'}
    dependencies:
      regenerator-runtime: 0.13.9
    dev: true

  /@cloudflare/kv-asset-handler/0.1.3:
    resolution: {integrity: sha512-FNcunDuTmEfQTLRLtA6zz+buIXUHj1soPvSWzzQFBC+n2lsy+CGf/NIrR3SEPCmsVNQj70/Jx2lViCpq+09YpQ==}
    dependencies:
      mime: 2.6.0
    dev: true

  /@cloudflare/workers-types/3.11.0:
    resolution: {integrity: sha512-XmKgZZHrCdPsoVQkdd365R7GvwTwDVJsMyEG3Dq/Tgxz6vgrps2c8PXBqEutguwvl0zDAF0AL0e2Z8WG9Dffjw==}
    dev: true

  /@remix-run/cloudflare/1.5.1_kzaynvh5evp6fwwndqrpm75u64:
    resolution: {integrity: sha512-uIVu4qCUpA7jsyyUcrf7Dh4jviBZ+rlqR4t35MLb40Y8EmSPTOnQVawIc8ZLOwymn7urfxXgUTMAHWjEeAFaVQ==}
    peerDependencies:
      '@cloudflare/workers-types': ^2.0.0 || ^3.0.0
    dependencies:
      '@cloudflare/kv-asset-handler': 0.1.3
      '@cloudflare/workers-types': 3.11.0
      '@remix-run/server-runtime': 1.5.1_ef5jwxihqo6n7gxfmzogljlgcm
    transitivePeerDependencies:
      - react
      - react-dom
    dev: true

  /@remix-run/server-runtime/1.5.1_ef5jwxihqo6n7gxfmzogljlgcm:
    resolution: {integrity: sha512-FQbCCdW+qzE3wpoCwUKdwcL8yZVYNPiyHS9JS/6r6qmd/yvZfbj44E48wEQ6trbWE2TUiEh/EQqNMyrZWEs4bw==}
    peerDependencies:
      react: '>=16.8'
      react-dom: '>=16.8'
    dependencies:
      '@types/cookie': 0.4.1
      '@web3-storage/multipart-parser': 1.0.0
      cookie: 0.4.2
      jsesc: 3.0.2
      react: 18.1.0
      react-dom: 18.1.0_react@18.1.0
      react-router-dom: 6.3.0_ef5jwxihqo6n7gxfmzogljlgcm
      set-cookie-parser: 2.4.8
      source-map: 0.7.3
    dev: true

  /@types/cookie/0.4.1:
    resolution: {integrity: sha512-XW/Aa8APYr6jSVVA1y/DEIZX0/GMKLEVekNG727R8cs56ahETkRAy/3DR7+fJyh7oUgGwNQaRfXCun0+KbWY7Q==}
    dev: true

  /@web3-storage/multipart-parser/1.0.0:
    resolution: {integrity: sha512-BEO6al7BYqcnfX15W2cnGR+Q566ACXAT9UQykORCWW80lmkpWsnEob6zJS1ZVBKsSJC8+7vJkHwlp+lXG1UCdw==}
    dev: true

  /cookie/0.4.2:
    resolution: {integrity: sha512-aSWTXFzaKWkvHO1Ny/s+ePFpvKsPnjc551iI41v3ny/ow6tBG5Vd+FuqGNhh1LxOmVzOlGUriIlOaokOvhaStA==}
    engines: {node: '>= 0.6'}
    dev: true

  /history/5.3.0:
    resolution: {integrity: sha512-ZqaKwjjrAYUYfLG+htGaIIZ4nioX2L70ZUMIFysS3xvBsSG4x/n1V6TXV3N8ZYNuFGlDirFg32T7B6WOUPDYcQ==}
    dependencies:
      '@babel/runtime': 7.18.3
    dev: true

  /js-tokens/4.0.0:
    resolution: {integrity: sha512-RdJUflcE3cUzKiMqQgsCu06FPu9UdIJO0beYbPhHN4k6apgJtifcoCtT9bcxOpYBtpD2kCM6Sbzg4CausW/PKQ==}
    dev: true

  /jsesc/3.0.2:
    resolution: {integrity: sha512-xKqzzWXDttJuOcawBt4KnKHHIf5oQ/Cxax+0PWFG+DFDgHNAdi+TXECADI+RYiFUMmx8792xsMbbgXj4CwnP4g==}
    engines: {node: '>=6'}
    hasBin: true
    dev: true

  /loose-envify/1.4.0:
    resolution: {integrity: sha512-lyuxPGr/Wfhrlem2CL/UcnUc1zcqKAImBDzukY7Y5F/yQiNdko6+fRLevlw1HgMySw7f611UIY408EtxRSoK3Q==}
    hasBin: true
    dependencies:
      js-tokens: 4.0.0
    dev: true

  /mime/2.6.0:
    resolution: {integrity: sha512-USPkMeET31rOMiarsBNIHZKLGgvKc/LrjofAnBlOttf5ajRvqiRA8QsenbcooctK6d6Ts6aqZXBA+XbkKthiQg==}
    engines: {node: '>=4.0.0'}
    hasBin: true
    dev: true

  /react-dom/18.1.0_react@18.1.0:
    resolution: {integrity: sha512-fU1Txz7Budmvamp7bshe4Zi32d0ll7ect+ccxNu9FlObT605GOEB8BfO4tmRJ39R5Zj831VCpvQ05QPBW5yb+w==}
    peerDependencies:
      react: ^18.1.0
    dependencies:
      loose-envify: 1.4.0
      react: 18.1.0
      scheduler: 0.22.0
    dev: true

  /react-router-dom/6.3.0_ef5jwxihqo6n7gxfmzogljlgcm:
    resolution: {integrity: sha512-uaJj7LKytRxZNQV8+RbzJWnJ8K2nPsOOEuX7aQstlMZKQT0164C+X2w6bnkqU3sjtLvpd5ojrezAyfZ1+0sStw==}
    peerDependencies:
      react: '>=16.8'
      react-dom: '>=16.8'
    dependencies:
      history: 5.3.0
      react: 18.1.0
      react-dom: 18.1.0_react@18.1.0
      react-router: 6.3.0_react@18.1.0
    dev: true

  /react-router/6.3.0_react@18.1.0:
    resolution: {integrity: sha512-7Wh1DzVQ+tlFjkeo+ujvjSqSJmkt1+8JO+T5xklPlgrh70y7ogx75ODRW0ThWhY7S+6yEDks8TYrtQe/aoboBQ==}
    peerDependencies:
      react: '>=16.8'
    dependencies:
      history: 5.3.0
      react: 18.1.0
    dev: true

  /react/18.1.0:
    resolution: {integrity: sha512-4oL8ivCz5ZEPyclFQXaNksK3adutVS8l2xzZU0cqEFrE9Sb7fC0EFK5uEk74wIreL1DERyjvsU915j1pcT2uEQ==}
    engines: {node: '>=0.10.0'}
    dependencies:
      loose-envify: 1.4.0
    dev: true

  /regenerator-runtime/0.13.9:
    resolution: {integrity: sha512-p3VT+cOEgxFsRRA9X4lkI1E+k2/CtnKtU4gcxyaCUreilL/vqI6CdZ3wxVUx3UOUg+gnUOQQcRI7BmSI656MYA==}
    dev: true

  /scheduler/0.22.0:
    resolution: {integrity: sha512-6QAm1BgQI88NPYymgGQLCZgvep4FyePDWFpXVK+zNSUgHwlqpJy8VEh8Et0KxTACS4VWwMousBElAZOH9nkkoQ==}
    dependencies:
      loose-envify: 1.4.0
    dev: true

  /set-cookie-parser/2.4.8:
    resolution: {integrity: sha512-edRH8mBKEWNVIVMKejNnuJxleqYE/ZSdcT8/Nem9/mmosx12pctd80s2Oy00KNZzrogMZS5mauK2/ymL1bvlvg==}
    dev: true

  /source-map/0.7.3:
    resolution: {integrity: sha512-CkCj6giN3S+n9qrYiBTX5gystlENnRW5jZeNLHpe6aue+SrHcG5VYwujhW9s4dY31mEGsxBDrHR6oI69fTXsaQ==}
    engines: {node: '>= 8'}
    dev: true

  /typescript/4.6.4:
    resolution: {integrity: sha512-9ia/jWHIEbo49HfjrLGfKbZSuWo9iTMwXO+Ca3pRsSpbsMbc7/IU8NKdCZVRRBafVPGnoJeFL76ZOAA84I9fEg==}
    engines: {node: '>=4.2.0'}
    hasBin: true
    dev: true
